
Microsoft Visual Studio Solution File, Format Version 12.00
Project("{FAE04EC0-301F-11D3-BF4B-00C04F79EFBC}") = "UrbaniecZelenay.SKS.Package.Services", "UrbaniecZelenay.SKS.Package.Services\UrbaniecZelenay.SKS.Package.Services.csproj", "{D99F62AF-147E-46E8-B9C3-58A0DFD5163F}"
EndProject
Project("{FAE04EC0-301F-11D3-BF4B-00C04F79EFBC}") = "UrbaniecZelenay.SKS.Package.Services.DTOs", "UrbaniecZelenay.SKS.Package.Services.DTOs\UrbaniecZelenay.SKS.Package.Services.DTOs.csproj", "{B26D01A6-7DCB-4DA8-98A7-2C032E64B951}"
EndProject
Project("{FAE04EC0-301F-11D3-BF4B-00C04F79EFBC}") = "UrbaniecZelenay.SKS.Package.Services.Interfaces", "UrbaniecZelenay.SKS.Package.Services.Interfaces\UrbaniecZelenay.SKS.Package.Services.Interfaces.csproj", "{E4326F15-1020-46B0-BF1F-F05530C99F2A}"
EndProject
Project("{FAE04EC0-301F-11D3-BF4B-00C04F79EFBC}") = "UrbaniecZelenay.SKS.Package.Services.Tests", "UrbaniecZelenay.SKS.Package.Services.Tests\UrbaniecZelenay.SKS.Package.Services.Tests.csproj", "{AD13DB77-05FA-435A-B945-59FA5787A0A9}"
EndProject
Project("{FAE04EC0-301F-11D3-BF4B-00C04F79EFBC}") = "UrbaniecZelenay.SKS.Package.BusinessLogic.Entities", "UrbaniecZelenay.SKS.Package.BusinessLogic.Entities\UrbaniecZelenay.SKS.Package.BusinessLogic.Entities.csproj", "{5EA7976E-C6D8-4385-A6DF-103709F8E66F}"
EndProject
Project("{FAE04EC0-301F-11D3-BF4B-00C04F79EFBC}") = "UrbaniecZelenay.SKS.Package.BusinessLogic.Interfaces", "UrbaniecZelenay.SKS.Package.BusinessLogic.Interfaces\UrbaniecZelenay.SKS.Package.BusinessLogic.Interfaces.csproj", "{F791BAFC-503A-4460-AB1D-BFA41F38BA2B}"
EndProject
Project("{FAE04EC0-301F-11D3-BF4B-00C04F79EFBC}") = "UrbaniecZelenay.SKS.Package.BusinessLogic.Tests", "UrbaniecZelenay.SKS.Package.BusinessLogic.Tests\UrbaniecZelenay.SKS.Package.BusinessLogic.Tests.csproj", "{F78C9233-DFD8-42DF-839F-B5C4008F0D9F}"
EndProject
Project("{FAE04EC0-301F-11D3-BF4B-00C04F79EFBC}") = "UrbaniecZelenay.SKS.Package.BusinessLogic", "UrbaniecZelenay.SKS.Package.BusinessLogic\UrbaniecZelenay.SKS.Package.BusinessLogic.csproj", "{3BD904B4-E19A-41D9-AFF5-D08537591486}"
EndProject
Project("{FAE04EC0-301F-11D3-BF4B-00C04F79EFBC}") = "UrbaniecZelenay.SKS.Package.DataAccess.Sql", "UrbaniecZelenay.SKS.Package.DataAccess.Sql\UrbaniecZelenay.SKS.Package.DataAccess.Sql.csproj", "{B855AF3B-C5FD-4AD3-A9BC-1378AA608249}"
EndProject
Project("{FAE04EC0-301F-11D3-BF4B-00C04F79EFBC}") = "UrbaniecZelenay.SKS.Package.DataAccess.Interfaces", "UrbaniecZelenay.SKS.Package.DataAccess.Interfaces\UrbaniecZelenay.SKS.Package.DataAccess.Interfaces.csproj", "{D3612007-0BE1-45E0-9B33-8F6DBE18236D}"
EndProject
Project("{FAE04EC0-301F-11D3-BF4B-00C04F79EFBC}") = "UrbaniecZelenay.SKS.Package.DataAccess.Entities", "UrbaniecZelenay.SKS.Package.DataAccess.Entities\UrbaniecZelenay.SKS.Package.DataAccess.Entities.csproj", "{956626D0-5F78-4773-AC15-C09542E2BF8C}"
EndProject
Project("{FAE04EC0-301F-11D3-BF4B-00C04F79EFBC}") = "UrbaniecZelenay.SKS.Package.DataAccess.Tests", "UrbaniecZelenay.SKS.Package.DataAccess.Tests\UrbaniecZelenay.SKS.Package.DataAccess.Tests.csproj", "{F49256F5-AD83-4245-875F-4455F5B3950E}"
EndProject
Project("{FAE04EC0-301F-11D3-BF4B-00C04F79EFBC}") = "UrbaniecZelenay.SKS.ServiceAgents", "UrbaniecZelenay.SKS.ServiceAgents\UrbaniecZelenay.SKS.ServiceAgents.csproj", "{C887B44B-576E-4A4B-B8C3-E19BCE974752}"
EndProject
Project("{FAE04EC0-301F-11D3-BF4B-00C04F79EFBC}") = "UrbaniecZelenay.SKS.ServiceAgents.Interfaces", "UrbaniecZelenay.SKS.ServiceAgents.Interfaces\UrbaniecZelenay.SKS.ServiceAgents.Interfaces.csproj", "{6F7BF66A-E74A-449D-94D8-6B7DF9BE7E65}"
EndProject
Project("{FAE04EC0-301F-11D3-BF4B-00C04F79EFBC}") = "UrbaniecZelenay.SKS.ServiceAgents.Tests", "UrbaniecZelenay.SKS.ServiceAgents.Tests\UrbaniecZelenay.SKS.ServiceAgents.Tests.csproj", "{01CDB22D-321E-4D54-9154-4D6210FED12E}"
EndProject
Project("{FAE04EC0-301F-11D3-BF4B-00C04F79EFBC}") = "UrbaniecZelenay.SKS.Package.IntegrationTests", "UrbaniecZelenay.SKS.Package.IntegrationTests\UrbaniecZelenay.SKS.Package.IntegrationTests.csproj", "{164C2F2E-4E6C-45F0-B1FC-A6223F07595F}"
EndProject
Project("{FAE04EC0-301F-11D3-BF4B-00C04F79EFBC}") = "UrbaniecZelenay.SKS.WebhookManager", "UrbaniecZelenay.SKS.WebhookManager\UrbaniecZelenay.SKS.WebhookManager.csproj", "{FF729155-B513-4A94-94E9-5BE3C6792A4F}"
EndProject
Project("{FAE04EC0-301F-11D3-BF4B-00C04F79EFBC}") = "UrbaniecZelenay.SKS.WebhookManager.Interfaces", "UrbaniecZelenay.SKS.WebhookManager.Interfaces\UrbaniecZelenay.SKS.WebhookManager.Interfaces.csproj", "{CEC87C80-E3C7-499E-A374-456D6F1211FA}"
EndProject
Project("{FAE04EC0-301F-11D3-BF4B-00C04F79EFBC}") = "UrbaniecZelenay.SKS.WebhookManager.Tests", "UrbaniecZelenay.SKS.WebhookManager.Tests\UrbaniecZelenay.SKS.WebhookManager.Tests.csproj", "{92E66C8D-023F-42DB-AF8F-7CEB7BFD760E}"
EndProject
Global
	GlobalSection(SolutionConfigurationPlatforms) = preSolution
		Debug|Any CPU = Debug|Any CPU
		Release|Any CPU = Release|Any CPU
	EndGlobalSection
	GlobalSection(ProjectConfigurationPlatforms) = postSolution
		{D99F62AF-147E-46E8-B9C3-58A0DFD5163F}.Debug|Any CPU.ActiveCfg = Debug|Any CPU
		{D99F62AF-147E-46E8-B9C3-58A0DFD5163F}.Debug|Any CPU.Build.0 = Debug|Any CPU
		{D99F62AF-147E-46E8-B9C3-58A0DFD5163F}.Release|Any CPU.ActiveCfg = Release|Any CPU
		{D99F62AF-147E-46E8-B9C3-58A0DFD5163F}.Release|Any CPU.Build.0 = Release|Any CPU
		{B26D01A6-7DCB-4DA8-98A7-2C032E64B951}.Debug|Any CPU.ActiveCfg = Debug|Any CPU
		{B26D01A6-7DCB-4DA8-98A7-2C032E64B951}.Debug|Any CPU.Build.0 = Debug|Any CPU
		{B26D01A6-7DCB-4DA8-98A7-2C032E64B951}.Release|Any CPU.ActiveCfg = Release|Any CPU
		{B26D01A6-7DCB-4DA8-98A7-2C032E64B951}.Release|Any CPU.Build.0 = Release|Any CPU
		{E4326F15-1020-46B0-BF1F-F05530C99F2A}.Debug|Any CPU.ActiveCfg = Debug|Any CPU
		{E4326F15-1020-46B0-BF1F-F05530C99F2A}.Debug|Any CPU.Build.0 = Debug|Any CPU
		{E4326F15-1020-46B0-BF1F-F05530C99F2A}.Release|Any CPU.ActiveCfg = Release|Any CPU
		{E4326F15-1020-46B0-BF1F-F05530C99F2A}.Release|Any CPU.Build.0 = Release|Any CPU
		{AD13DB77-05FA-435A-B945-59FA5787A0A9}.Debug|Any CPU.ActiveCfg = Debug|Any CPU
		{AD13DB77-05FA-435A-B945-59FA5787A0A9}.Debug|Any CPU.Build.0 = Debug|Any CPU
		{AD13DB77-05FA-435A-B945-59FA5787A0A9}.Release|Any CPU.ActiveCfg = Release|Any CPU
		{AD13DB77-05FA-435A-B945-59FA5787A0A9}.Release|Any CPU.Build.0 = Release|Any CPU
		{5EA7976E-C6D8-4385-A6DF-103709F8E66F}.Debug|Any CPU.ActiveCfg = Debug|Any CPU
		{5EA7976E-C6D8-4385-A6DF-103709F8E66F}.Debug|Any CPU.Build.0 = Debug|Any CPU
		{5EA7976E-C6D8-4385-A6DF-103709F8E66F}.Release|Any CPU.ActiveCfg = Release|Any CPU
		{5EA7976E-C6D8-4385-A6DF-103709F8E66F}.Release|Any CPU.Build.0 = Release|Any CPU
		{F791BAFC-503A-4460-AB1D-BFA41F38BA2B}.Debug|Any CPU.ActiveCfg = Debug|Any CPU
		{F791BAFC-503A-4460-AB1D-BFA41F38BA2B}.Debug|Any CPU.Build.0 = Debug|Any CPU
		{F791BAFC-503A-4460-AB1D-BFA41F38BA2B}.Release|Any CPU.ActiveCfg = Release|Any CPU
		{F791BAFC-503A-4460-AB1D-BFA41F38BA2B}.Release|Any CPU.Build.0 = Release|Any CPU
		{F78C9233-DFD8-42DF-839F-B5C4008F0D9F}.Debug|Any CPU.ActiveCfg = Debug|Any CPU
		{F78C9233-DFD8-42DF-839F-B5C4008F0D9F}.Debug|Any CPU.Build.0 = Debug|Any CPU
		{F78C9233-DFD8-42DF-839F-B5C4008F0D9F}.Release|Any CPU.ActiveCfg = Release|Any CPU
		{F78C9233-DFD8-42DF-839F-B5C4008F0D9F}.Release|Any CPU.Build.0 = Release|Any CPU
		{3BD904B4-E19A-41D9-AFF5-D08537591486}.Debug|Any CPU.ActiveCfg = Debug|Any CPU
		{3BD904B4-E19A-41D9-AFF5-D08537591486}.Debug|Any CPU.Build.0 = Debug|Any CPU
		{3BD904B4-E19A-41D9-AFF5-D08537591486}.Release|Any CPU.ActiveCfg = Release|Any CPU
		{3BD904B4-E19A-41D9-AFF5-D08537591486}.Release|Any CPU.Build.0 = Release|Any CPU
		{B855AF3B-C5FD-4AD3-A9BC-1378AA608249}.Debug|Any CPU.ActiveCfg = Debug|Any CPU
		{B855AF3B-C5FD-4AD3-A9BC-1378AA608249}.Debug|Any CPU.Build.0 = Debug|Any CPU
		{B855AF3B-C5FD-4AD3-A9BC-1378AA608249}.Release|Any CPU.ActiveCfg = Release|Any CPU
		{B855AF3B-C5FD-4AD3-A9BC-1378AA608249}.Release|Any CPU.Build.0 = Release|Any CPU
		{D3612007-0BE1-45E0-9B33-8F6DBE18236D}.Debug|Any CPU.ActiveCfg = Debug|Any CPU
		{D3612007-0BE1-45E0-9B33-8F6DBE18236D}.Debug|Any CPU.Build.0 = Debug|Any CPU
		{D3612007-0BE1-45E0-9B33-8F6DBE18236D}.Release|Any CPU.ActiveCfg = Release|Any CPU
		{D3612007-0BE1-45E0-9B33-8F6DBE18236D}.Release|Any CPU.Build.0 = Release|Any CPU
		{956626D0-5F78-4773-AC15-C09542E2BF8C}.Debug|Any CPU.ActiveCfg = Debug|Any CPU
		{956626D0-5F78-4773-AC15-C09542E2BF8C}.Debug|Any CPU.Build.0 = Debug|Any CPU
		{956626D0-5F78-4773-AC15-C09542E2BF8C}.Release|Any CPU.ActiveCfg = Release|Any CPU
		{956626D0-5F78-4773-AC15-C09542E2BF8C}.Release|Any CPU.Build.0 = Release|Any CPU
		{F49256F5-AD83-4245-875F-4455F5B3950E}.Debug|Any CPU.ActiveCfg = Debug|Any CPU
		{F49256F5-AD83-4245-875F-4455F5B3950E}.Debug|Any CPU.Build.0 = Debug|Any CPU
		{F49256F5-AD83-4245-875F-4455F5B3950E}.Release|Any CPU.ActiveCfg = Release|Any CPU
		{F49256F5-AD83-4245-875F-4455F5B3950E}.Release|Any CPU.Build.0 = Release|Any CPU
		{C887B44B-576E-4A4B-B8C3-E19BCE974752}.Debug|Any CPU.ActiveCfg = Debug|Any CPU
		{C887B44B-576E-4A4B-B8C3-E19BCE974752}.Debug|Any CPU.Build.0 = Debug|Any CPU
		{C887B44B-576E-4A4B-B8C3-E19BCE974752}.Release|Any CPU.ActiveCfg = Release|Any CPU
		{C887B44B-576E-4A4B-B8C3-E19BCE974752}.Release|Any CPU.Build.0 = Release|Any CPU
		{6F7BF66A-E74A-449D-94D8-6B7DF9BE7E65}.Debug|Any CPU.ActiveCfg = Debug|Any CPU
		{6F7BF66A-E74A-449D-94D8-6B7DF9BE7E65}.Debug|Any CPU.Build.0 = Debug|Any CPU
		{6F7BF66A-E74A-449D-94D8-6B7DF9BE7E65}.Release|Any CPU.ActiveCfg = Release|Any CPU
		{6F7BF66A-E74A-449D-94D8-6B7DF9BE7E65}.Release|Any CPU.Build.0 = Release|Any CPU
		{01CDB22D-321E-4D54-9154-4D6210FED12E}.Debug|Any CPU.ActiveCfg = Debug|Any CPU
		{01CDB22D-321E-4D54-9154-4D6210FED12E}.Debug|Any CPU.Build.0 = Debug|Any CPU
		{01CDB22D-321E-4D54-9154-4D6210FED12E}.Release|Any CPU.ActiveCfg = Release|Any CPU
		{01CDB22D-321E-4D54-9154-4D6210FED12E}.Release|Any CPU.Build.0 = Release|Any CPU
		{164C2F2E-4E6C-45F0-B1FC-A6223F07595F}.Debug|Any CPU.ActiveCfg = Debug|Any CPU
		{164C2F2E-4E6C-45F0-B1FC-A6223F07595F}.Debug|Any CPU.Build.0 = Debug|Any CPU
		{164C2F2E-4E6C-45F0-B1FC-A6223F07595F}.Release|Any CPU.ActiveCfg = Release|Any CPU
		{164C2F2E-4E6C-45F0-B1FC-A6223F07595F}.Release|Any CPU.Build.0 = Release|Any CPU
		{FF729155-B513-4A94-94E9-5BE3C6792A4F}.Debug|Any CPU.ActiveCfg = Debug|Any CPU
		{FF729155-B513-4A94-94E9-5BE3C6792A4F}.Debug|Any CPU.Build.0 = Debug|Any CPU
		{FF729155-B513-4A94-94E9-5BE3C6792A4F}.Release|Any CPU.ActiveCfg = Release|Any CPU
		{FF729155-B513-4A94-94E9-5BE3C6792A4F}.Release|Any CPU.Build.0 = Release|Any CPU
		{CEC87C80-E3C7-499E-A374-456D6F1211FA}.Debug|Any CPU.ActiveCfg = Debug|Any CPU
		{CEC87C80-E3C7-499E-A374-456D6F1211FA}.Debug|Any CPU.Build.0 = Debug|Any CPU
		{CEC87C80-E3C7-499E-A374-456D6F1211FA}.Release|Any CPU.ActiveCfg = Release|Any CPU
		{CEC87C80-E3C7-499E-A374-456D6F1211FA}.Release|Any CPU.Build.0 = Release|Any CPU
		{92E66C8D-023F-42DB-AF8F-7CEB7BFD760E}.Debug|Any CPU.ActiveCfg = Debug|Any CPU
		{92E66C8D-023F-42DB-AF8F-7CEB7BFD760E}.Debug|Any CPU.Build.0 = Debug|Any CPU
		{92E66C8D-023F-42DB-AF8F-7CEB7BFD760E}.Release|Any CPU.ActiveCfg = Release|Any CPU
		{92E66C8D-023F-42DB-AF8F-7CEB7BFD760E}.Release|Any CPU.Build.0 = Release|Any CPU
	EndGlobalSection
EndGlobal
